// !$*UTF8*$!
{
	archiveVersion = 1;
	classes = {
	};
	objectVersion = 46;
	objects = {

/* Begin PBXBuildFile section */
		DD7FB66A1B0E76E100D9DC25 /* main.m in Sources */ = {isa = PBXBuildFile; fileRef = DD7FB6691B0E76E100D9DC25 /* main.m */; };
		DD7FB66D1B0E76E100D9DC25 /* AppDelegate.m in Sources */ = {isa = PBXBuildFile; fileRef = DD7FB66C1B0E76E100D9DC25 /* AppDelegate.m */; };
		DD7FB6701B0E76E100D9DC25 /* hello.xcdatamodeld in Sources */ = {isa = PBXBuildFile; fileRef = DD7FB66E1B0E76E100D9DC25 /* hello.xcdatamodeld */; };
		DD7FB6731B0E76E100D9DC25 /* MainController.m in Sources */ = {isa = PBXBuildFile; fileRef = DD7FB6721B0E76E100D9DC25 /* MainController.m */; };
		DD7FB6761B0E76E100D9DC25 /* Main.storyboard in Resources */ = {isa = PBXBuildFile; fileRef = DD7FB6741B0E76E100D9DC25 /* Main.storyboard */; };
		DD7FB6781B0E76E100D9DC25 /* Images.xcassets in Resources */ = {isa = PBXBuildFile; fileRef = DD7FB6771B0E76E100D9DC25 /* Images.xcassets */; };
		DD7FB67B1B0E76E100D9DC25 /* LaunchScreen.xib in Resources */ = {isa = PBXBuildFile; fileRef = DD7FB6791B0E76E100D9DC25 /* LaunchScreen.xib */; };
		DD7FB6871B0E76E100D9DC25 /* helloTests.m in Sources */ = {isa = PBXBuildFile; fileRef = DD7FB6861B0E76E100D9DC25 /* helloTests.m */; };
		DD7FB6951B0E806400D9DC25 /* Declarations.m in Sources */ = {isa = PBXBuildFile; fileRef = DD7FB6941B0E806400D9DC25 /* Declarations.m */; };
/* End PBXBuildFile section */

/* Begin PBXContainerItemProxy section */
		DD7FB6811B0E76E100D9DC25 /* PBXContainerItemProxy */ = {
			isa = PBXContainerItemProxy;
			containerPortal = DD7FB65C1B0E76E100D9DC25 /* Project object */;
			proxyType = 1;
			remoteGlobalIDString = DD7FB6631B0E76E100D9DC25;
			remoteInfo = hello;
		};
/* End PBXContainerItemProxy section */

/* Begin PBXFileReference section */
		DD7FB6641B0E76E100D9DC25 /* hello.app */ = {isa = PBXFileReference; explicitFileType = wrapper.application; includeInIndex = 0; path = hello.app; sourceTree = BUILT_PRODUCTS_DIR; };
		DD7FB6681B0E76E100D9DC25 /* Info.plist */ = {isa = PBXFileReference; lastKnownFileType = text.plist.xml; path = Info.plist; sourceTree = "<group>"; };
		DD7FB6691B0E76E100D9DC25 /* main.m */ = {isa = PBXFileReference; lastKnownFileType = sourcecode.c.objc; path = main.m; sourceTree = "<group>"; };
		DD7FB66B1B0E76E100D9DC25 /* AppDelegate.h */ = {isa = PBXFileReference; lastKnownFileType = sourcecode.c.h; path = AppDelegate.h; sourceTree = "<group>"; };
		DD7FB66C1B0E76E100D9DC25 /* AppDelegate.m */ = {isa = PBXFileReference; lastKnownFileType = sourcecode.c.objc; path = AppDelegate.m; sourceTree = "<group>"; };
		DD7FB66F1B0E76E100D9DC25 /* hello.xcdatamodel */ = {isa = PBXFileReference; lastKnownFileType = wrapper.xcdatamodel; path = hello.xcdatamodel; sourceTree = "<group>"; };
		DD7FB6711B0E76E100D9DC25 /* MainController.h */ = {isa = PBXFileReference; lastKnownFileType = sourcecode.c.h; path = MainController.h; sourceTree = "<group>"; };
		DD7FB6721B0E76E100D9DC25 /* MainController.m */ = {isa = PBXFileReference; lastKnownFileType = sourcecode.c.objc; path = MainController.m; sourceTree = "<group>"; };
		DD7FB6751B0E76E100D9DC25 /* Base */ = {isa = PBXFileReference; lastKnownFileType = file.storyboard; name = Base; path = Base.lproj/Main.storyboard; sourceTree = "<group>"; };
		DD7FB6771B0E76E100D9DC25 /* Images.xcassets */ = {isa = PBXFileReference; lastKnownFileType = folder.assetcatalog; path = Images.xcassets; sourceTree = "<group>"; };
		DD7FB67A1B0E76E100D9DC25 /* Base */ = {isa = PBXFileReference; lastKnownFileType = file.xib; name = Base; path = Base.lproj/LaunchScreen.xib; sourceTree = "<group>"; };
		DD7FB6801B0E76E100D9DC25 /* helloTests.xctest */ = {isa = PBXFileReference; explicitFileType = wrapper.cfbundle; includeInIndex = 0; path = helloTests.xctest; sourceTree = BUILT_PRODUCTS_DIR; };
		DD7FB6851B0E76E100D9DC25 /* Info.plist */ = {isa = PBXFileReference; lastKnownFileType = text.plist.xml; path = Info.plist; sourceTree = "<group>"; };
		DD7FB6861B0E76E100D9DC25 /* helloTests.m */ = {isa = PBXFileReference; lastKnownFileType = sourcecode.c.objc; path = helloTests.m; sourceTree = "<group>"; };
		DD7FB6931B0E806400D9DC25 /* Declarations.h */ = {isa = PBXFileReference; fileEncoding = 4; lastKnownFileType = sourcecode.c.h; path = Declarations.h; sourceTree = "<group>"; };
		DD7FB6941B0E806400D9DC25 /* Declarations.m */ = {isa = PBXFileReference; fileEncoding = 4; lastKnownFileType = sourcecode.c.objc; path = Declarations.m; sourceTree = "<group>"; };
/* End PBXFileReference section */

/* Begin PBXFrameworksBuildPhase section */
		DD7FB6611B0E76E100D9DC25 /* Frameworks */ = {
			isa = PBXFrameworksBuildPhase;
			buildActionMask = 2147483647;
			files = (
			);
			runOnlyForDeploymentPostprocessing = 0;
		};
		DD7FB67D1B0E76E100D9DC25 /* Frameworks */ = {
			isa = PBXFrameworksBuildPhase;
			buildActionMask = 2147483647;
			files = (
			);
			runOnlyForDeploymentPostprocessing = 0;
		};
/* End PBXFrameworksBuildPhase section */

/* Begin PBXGroup section */
		DD7FB65B1B0E76E100D9DC25 = {
			isa = PBXGroup;
			children = (
				DD7FB6661B0E76E100D9DC25 /* hello */,
				DD7FB6831B0E76E100D9DC25 /* helloTests */,
				DD7FB6651B0E76E100D9DC25 /* Products */,
			);
			sourceTree = "<group>";
		};
		DD7FB6651B0E76E100D9DC25 /* Products */ = {
			isa = PBXGroup;
			children = (
				DD7FB6641B0E76E100D9DC25 /* hello.app */,
				DD7FB6801B0E76E100D9DC25 /* helloTests.xctest */,
			);
			name = Products;
			sourceTree = "<group>";
		};
		DD7FB6661B0E76E100D9DC25 /* hello */ = {
			isa = PBXGroup;
			children = (
				DD7FB6901B0E77DA00D9DC25 /* main */,
				DD7FB6911B0E77E200D9DC25 /* controllers */,
				DD7FB6921B0E77FB00D9DC25 /* customized */,
				DD7FB6741B0E76E100D9DC25 /* Main.storyboard */,
				DD7FB6771B0E76E100D9DC25 /* Images.xcassets */,
				DD7FB6791B0E76E100D9DC25 /* LaunchScreen.xib */,
				DD7FB66E1B0E76E100D9DC25 /* hello.xcdatamodeld */,
				DD7FB6671B0E76E100D9DC25 /* Supporting Files */,
			);
			path = hello;
			sourceTree = "<group>";
		};
		DD7FB6671B0E76E100D9DC25 /* Supporting Files */ = {
			isa = PBXGroup;
			children = (
				DD7FB6681B0E76E100D9DC25 /* Info.plist */,
				DD7FB6691B0E76E100D9DC25 /* main.m */,
			);
			name = "Supporting Files";
			sourceTree = "<group>";
		};
		DD7FB6831B0E76E100D9DC25 /* helloTests */ = {
			isa = PBXGroup;
			children = (
				DD7FB6861B0E76E100D9DC25 /* helloTests.m */,
				DD7FB6841B0E76E100D9DC25 /* Supporting Files */,
			);
			path = helloTests;
			sourceTree = "<group>";
		};
		DD7FB6841B0E76E100D9DC25 /* Supporting Files */ = {
			isa = PBXGroup;
			children = (
				DD7FB6851B0E76E100D9DC25 /* Info.plist */,
			);
			name = "Supporting Files";
			sourceTree = "<group>";
		};
		DD7FB6901B0E77DA00D9DC25 /* main */ = {
			isa = PBXGroup;
			children = (
				DD7FB66C1B0E76E100D9DC25 /* AppDelegate.m */,
				DD7FB66B1B0E76E100D9DC25 /* AppDelegate.h */,
				DD7FB6931B0E806400D9DC25 /* Declarations.h */,
				DD7FB6941B0E806400D9DC25 /* Declarations.m */,
			);
			name = main;
			sourceTree = "<group>";
		};
		DD7FB6911B0E77E200D9DC25 /* controllers */ = {
			isa = PBXGroup;
			children = (
				DD7FB6721B0E76E100D9DC25 /* MainController.m */,
				DD7FB6711B0E76E100D9DC25 /* MainController.h */,
			);
			name = controllers;
			sourceTree = "<group>";
		};
		DD7FB6921B0E77FB00D9DC25 /* customized */ = {
			isa = PBXGroup;
			children = (
			);
			name = customized;
			sourceTree = "<group>";
		};
/* End PBXGroup section */

/* Begin PBXNativeTarget section */
		DD7FB6631B0E76E100D9DC25 /* hello */ = {
			isa = PBXNativeTarget;
			buildConfigurationList = DD7FB68A1B0E76E100D9DC25 /* Build configuration list for PBXNativeTarget "hello" */;
			buildPhases = (
				DD7FB6601B0E76E100D9DC25 /* Sources */,
				DD7FB6611B0E76E100D9DC25 /* Frameworks */,
				DD7FB6621B0E76E100D9DC25 /* Resources */,
			);
			buildRules = (
			);
			dependencies = (
			);
			name = hello;
			productName = hello;
			productReference = DD7FB6641B0E76E100D9DC25 /* hello.app */;
			productType = "com.apple.product-type.application";
		};
		DD7FB67F1B0E76E100D9DC25 /* helloTests */ = {
			isa = PBXNativeTarget;
			buildConfigurationList = DD7FB68D1B0E76E100D9DC25 /* Build configuration list for PBXNativeTarget "helloTests" */;
			buildPhases = (
				DD7FB67C1B0E76E100D9DC25 /* Sources */,
				DD7FB67D1B0E76E100D9DC25 /* Frameworks */,
				DD7FB67E1B0E76E100D9DC25 /* Resources */,
			);
			buildRules = (
			);
			dependencies = (
				DD7FB6821B0E76E100D9DC25 /* PBXTargetDependency */,
			);
			name = helloTests;
			productName = helloTests;
			productReference = DD7FB6801B0E76E100D9DC25 /* helloTests.xctest */;
			productType = "com.apple.product-type.bundle.unit-test";
		};
/* End PBXNativeTarget section */

/* Begin PBXProject section */
		DD7FB65C1B0E76E100D9DC25 /* Project object */ = {
			isa = PBXProject;
			attributes = {
				LastUpgradeCheck = 0630;
				ORGANIZATIONNAME = Smartplace;
				TargetAttributes = {
					DD7FB6631B0E76E100D9DC25 = {
						CreatedOnToolsVersion = 6.3.2;
						DevelopmentTeam = 3D6T7V58KY;
					};
					DD7FB67F1B0E76E100D9DC25 = {
						CreatedOnToolsVersion = 6.3.2;
						TestTargetID = DD7FB6631B0E76E100D9DC25;
					};
				};
			};
			buildConfigurationList = DD7FB65F1B0E76E100D9DC25 /* Build configuration list for PBXProject "hello" */;
			compatibilityVersion = "Xcode 3.2";
			developmentRegion = English;
			hasScannedForEncodings = 0;
			knownRegions = (
				en,
				Base,
			);
			mainGroup = DD7FB65B1B0E76E100D9DC25;
			productRefGroup = DD7FB6651B0E76E100D9DC25 /* Products */;
			projectDirPath = "";
			projectRoot = "";
			targets = (
				DD7FB6631B0E76E100D9DC25 /* hello */,
				DD7FB67F1B0E76E100D9DC25 /* helloTests */,
			);
		};
/* End PBXProject section */

/* Begin PBXResourcesBuildPhase section */
		DD7FB6621B0E76E100D9DC25 /* Resources */ = {
			isa = PBXResourcesBuildPhase;
			buildActionMask = 2147483647;
			files = (
				DD7FB6761B0E76E100D9DC25 /* Main.storyboard in Resources */,
				DD7FB67B1B0E76E100D9DC25 /* LaunchScreen.xib in Resources */,
				DD7FB6781B0E76E100D9DC25 /* Images.xcassets in Resources */,
			);
			runOnlyForDeploymentPostprocessing = 0;
		};
		DD7FB67E1B0E76E100D9DC25 /* Resources */ = {
			isa = PBXResourcesBuildPhase;
			buildActionMask = 2147483647;
			files = (
			);
			runOnlyForDeploymentPostprocessing = 0;
		};
/* End PBXResourcesBuildPhase section */

/* Begin PBXSourcesBuildPhase section */
		DD7FB6601B0E76E100D9DC25 /* Sources */ = {
			isa = PBXSourcesBuildPhase;
			buildActionMask = 2147483647;
			files = (
				DD7FB66D1B0E76E100D9DC25 /* AppDelegate.m in Sources */,
				DD7FB6701B0E76E100D9DC25 /* hello.xcdatamodeld in Sources */,
				DD7FB6731B0E76E100D9DC25 /* MainController.m in Sources */,
				DD7FB66A1B0E76E100D9DC25 /* main.m in Sources */,
				DD7FB6951B0E806400D9DC25 /* Declarations.m in Sources */,
			);
			runOnlyForDeploymentPostprocessing = 0;
		};
		DD7FB67C1B0E76E100D9DC25 /* Sources */ = {
			isa = PBXSourcesBuildPhase;
			buildActionMask = 2147483647;
			files = (
				DD7FB6871B0E76E100D9DC25 /* helloTests.m in Sources */,
			);
			runOnlyForDeploymentPostprocessing = 0;
		};
/* End PBXSourcesBuildPhase section */

/* Begin PBXTargetDependency section */
		DD7FB6821B0E76E100D9DC25 /* PBXTargetDependency */ = {
			isa = PBXTargetDependency;
			target = DD7FB6631B0E76E100D9DC25 /* hello */;
			targetProxy = DD7FB6811B0E76E100D9DC25 /* PBXContainerItemProxy */;
		};
/* End PBXTargetDependency section */

/* Begin PBXVariantGroup section */
		DD7FB6741B0E76E100D9DC25 /* Main.storyboard */ = {
			isa = PBXVariantGroup;
			children = (
				DD7FB6751B0E76E100D9DC25 /* Base */,
			);
			name = Main.storyboard;
			sourceTree = "<group>";
		};
		DD7FB6791B0E76E100D9DC25 /* LaunchScreen.xib */ = {
			isa = PBXVariantGroup;
			children = (
				DD7FB67A1B0E76E100D9DC25 /* Base */,
			);
			name = LaunchScreen.xib;
			sourceTree = "<group>";
		};
/* End PBXVariantGroup section */

/* Begin XCBuildConfiguration section */
		DD7FB6881B0E76E100D9DC25 /* Debug */ = {
			isa = XCBuildConfiguration;
			buildSettings = {
				ALWAYS_SEARCH_USER_PATHS = NO;
				CLANG_CXX_LANGUAGE_STANDARD = "gnu++0x";
				CLANG_CXX_LIBRARY = "libc++";
				CLANG_ENABLE_MODULES = YES;
				CLANG_ENABLE_OBJC_ARC = YES;
				CLANG_WARN_BOOL_CONVERSION = YES;
				CLANG_WARN_CONSTANT_CONVERSION = YES;
				CLANG_WARN_DIRECT_OBJC_ISA_USAGE = YES_ERROR;
				CLANG_WARN_EMPTY_BODY = YES;
				CLANG_WARN_ENUM_CONVERSION = YES;
				CLANG_WARN_INT_CONVERSION = YES;
				CLANG_WARN_OBJC_ROOT_CLASS = YES_ERROR;
				CLANG_WARN_UNREACHABLE_CODE = YES;
				CLANG_WARN__DUPLICATE_METHOD_MATCH = YES;
				"CODE_SIGN_IDENTITY[sdk=iphoneos*]" = "iPhone Developer";
				COPY_PHASE_STRIP = NO;
				DEBUG_INFORMATION_FORMAT = "dwarf-with-dsym";
				ENABLE_STRICT_OBJC_MSGSEND = YES;
				GCC_C_LANGUAGE_STANDARD = gnu99;
				GCC_DYNAMIC_NO_PIC = NO;
				GCC_NO_COMMON_BLOCKS = YES;
				GCC_OPTIMIZATION_LEVEL = 0;
				GCC_PREPROCESSOR_DEFINITIONS = (
					"DEBUG=1",
					"$(inherited)",
				);
				GCC_SYMBOLS_PRIVATE_EXTERN = NO;
				GCC_WARN_64_TO_32_BIT_CONVERSION = YES;
				GCC_WARN_ABOUT_RETURN_TYPE = YES_ERROR;
				GCC_WARN_UNDECLARED_SELECTOR = YES;
				GCC_WARN_UNINITIALIZED_AUTOS = YES_AGGRESSIVE;
				GCC_WARN_UNUSED_FUNCTION = YES;
				GCC_WARN_UNUSED_VARIABLE = YES;
				IPHONEOS_DEPLOYMENT_TARGET = 8.3;
				MTL_ENABLE_DEBUG_INFO = YES;
				ONLY_ACTIVE_ARCH = YES;
				SDKROOT = iphoneos;
			};
			name = Debug;
		};
		DD7FB6891B0E76E100D9DC25 /* Release */ = {
			isa = XCBuildConfiguration;
			buildSettings = {
				ALWAYS_SEARCH_USER_PATHS = NO;
				CLANG_CXX_LANGUAGE_STANDARD = "gnu++0x";
				CLANG_CXX_LIBRARY = "libc++";
				CLANG_ENABLE_MODULES = YES;
				CLANG_ENABLE_OBJC_ARC = YES;
				CLANG_WARN_BOOL_CONVERSION = YES;
				CLANG_WARN_CONSTANT_CONVERSION = YES;
				CLANG_WARN_DIRECT_OBJC_ISA_USAGE = YES_ERROR;
				CLANG_WARN_EMPTY_BODY = YES;
				CLANG_WARN_ENUM_CONVERSION = YES;
				CLANG_WARN_INT_CONVERSION = YES;
				CLANG_WARN_OBJC_ROOT_CLASS = YES_ERROR;
				CLANG_WARN_UNREACHABLE_CODE = YES;
				CLANG_WARN__DUPLICATE_METHOD_MATCH = YES;
				"CODE_SIGN_IDENTITY[sdk=iphoneos*]" = "iPhone Developer";
				COPY_PHASE_STRIP = NO;
				DEBUG_INFORMATION_FORMAT = "dwarf-with-dsym";
				ENABLE_NS_ASSERTIONS = NO;
				ENABLE_STRICT_OBJC_MSGSEND = YES;
				GCC_C_LANGUAGE_STANDARD = gnu99;
				GCC_NO_COMMON_BLOCKS = YES;
				GCC_WARN_64_TO_32_BIT_CONVERSION = YES;
				GCC_WARN_ABOUT_RETURN_TYPE = YES_ERROR;
				GCC_WARN_UNDECLARED_SELECTOR = YES;
				GCC_WARN_UNINITIALIZED_AUTOS = YES_AGGRESSIVE;
				GCC_WARN_UNUSED_FUNCTION = YES;
				GCC_WARN_UNUSED_VARIABLE = YES;
				IPHONEOS_DEPLOYMENT_TARGET = 8.3;
				MTL_ENABLE_DEBUG_INFO = NO;
				SDKROOT = iphoneos;
				VALIDATE_PRODUCT = YES;
			};
			name = Release;
		};
		DD7FB68B1B0E76E100D9DC25 /* Debug */ = {
			isa = XCBuildConfiguration;
			buildSettings = {
				ASSETCATALOG_COMPILER_APPICON_NAME = AppIcon;
				CODE_SIGN_IDENTITY = "iPhone Developer";
				INFOPLIST_FILE = hello/Info.plist;
				LD_RUNPATH_SEARCH_PATHS = "$(inherited) @executable_path/Frameworks";
				PRODUCT_NAME = "$(TARGET_NAME)";
			};
			name = Debug;
		};
		DD7FB68C1B0E76E100D9DC25 /* Release */ = {
			isa = XCBuildConfiguration;
			buildSettings = {
				ASSETCATALOG_COMPILER_APPICON_NAME = AppIcon;
				CODE_SIGN_IDENTITY = "iPhone Developer";
				INFOPLIST_FILE = hello/Info.plist;
				LD_RUNPATH_SEARCH_PATHS = "$(inherited) @executable_path/Frameworks";
				PRODUCT_NAME = "$(TARGET_NAME)";
			};
			name = Release;
		};
		DD7FB68E1B0E76E100D9DC25 /* Debug */ = {
			isa = XCBuildConfiguration;
			buildSettings = {
				BUNDLE_LOADER = "$(TEST_HOST)";
				FRAMEWORK_SEARCH_PATHS = (
					"$(SDKROOT)/Developer/Library/Frameworks",
					"$(inherited)",
				);
				GCC_PREPROCESSOR_DEFINITIONS = (
					"DEBUG=1",
					"$(inherited)",
				);
				INFOPLIST_FILE = helloTests/Info.plist;
				LD_RUNPATH_SEARCH_PATHS = "$(inherited) @executable_path/Frameworks @loader_path/Frameworks";
				PRODUCT_NAME = "$(TARGET_NAME)";
				TEST_HOST = "$(BUILT_PRODUCTS_DIR)/hello.app/hello";
			};
			name = Debug;
		};
		DD7FB68F1B0E76E100D9DC25 /* Release */ = {
			isa = XCBuildConfiguration;
			buildSettings = {
				BUNDLE_LOADER = "$(TEST_HOST)";
				FRAMEWORK_SEARCH_PATHS = (
					"$(SDKROOT)/Developer/Library/Frameworks",
					"$(inherited)",
				);
				INFOPLIST_FILE = helloTests/Info.plist;
				LD_RUNPATH_SEARCH_PATHS = "$(inherited) @executable_path/Frameworks @loader_path/Frameworks";
				PRODUCT_NAME = "$(TARGET_NAME)";
				TEST_HOST = "$(BUILT_PRODUCTS_DIR)/hello.app/hello";
			};
			name = Release;
		};
/* End XCBuildConfiguration section */

/* Begin XCConfigurationList section */
		DD7FB65F1B0E76E100D9DC25 /* Build configuration list for PBXProject "hello" */ = {
			isa = XCConfigurationList;
			buildConfigurations = (
				DD7FB6881B0E76E100D9DC25 /* Debug */,
				DD7FB6891B0E76E100D9DC25 /* Release */,
			);
			defaultConfigurationIsVisible = 0;
			defaultConfigurationName = Release;
		};
		DD7FB68A1B0E76E100D9DC25 /* Build configuration list for PBXNativeTarget "hello" */ = {
			isa = XCConfigurationList;
			buildConfigurations = (
				DD7FB68B1B0E76E100D9DC25 /* Debug */,
				DD7FB68C1B0E76E100D9DC25 /* Release */,
			);
			defaultConfigurationIsVisible = 0;
		};
		DD7FB68D1B0E76E100D9DC25 /* Build configuration list for PBXNativeTarget "helloTests" */ = {
			isa = XCConfigurationList;
			buildConfigurations = (
				DD7FB68E1B0E76E100D9DC25 /* Debug */,
				DD7FB68F1B0E76E100D9DC25 /* Release */,
			);
			defaultConfigurationIsVisible = 0;
		};
/* End XCConfigurationList section */

/* Begin XCVersionGroup section */
		DD7FB66E1B0E76E100D9DC25 /* hello.xcdatamodeld */ = {
			isa = XCVersionGroup;
			children = (
				DD7FB66F1B0E76E100D9DC25 /* hello.xcdatamodel */,
			);
			currentVersion = DD7FB66F1B0E76E100D9DC25 /* hello.xcdatamodel */;
			path = hello.xcdatamodeld;
			sourceTree = "<group>";
			versionGroupType = wrapper.xcdatamodel;
		};
/* End XCVersionGroup section */
	};
	rootObject = DD7FB65C1B0E76E100D9DC25 /* Project object */;
}
